
Microsoft Visual Studio Solution File, Format Version 12.00
# Visual Studio Version 17
VisualStudioVersion = 17.1.32210.238
MinimumVisualStudioVersion = 10.0.40219.1
Project("{FAE04EC0-301F-11D3-BF4B-00C04F79EFBC}") = "teacherProject", "teacherProject\teacherProject.csproj", "{1932E32C-B009-4C41-9A49-18525D82D651}"
EndProject
Global
	GlobalSection(SolutionConfigurationPlatforms) = preSolution
		Debug|Any CPU = Debug|Any CPU
		Release|Any CPU = Release|Any CPU
	EndGlobalSection
	GlobalSection(ProjectConfigurationPlatforms) = postSolution
		{1932E32C-B009-4C41-9A49-18525D82D651}.Debug|Any CPU.ActiveCfg = Debug|Any CPU
		{1932E32C-B009-4C41-9A49-18525D82D651}.Debug|Any CPU.Build.0 = Debug|Any CPU
		{1932E32C-B009-4C41-9A49-18525D82D651}.Release|Any CPU.ActiveCfg = Release|Any CPU
		{1932E32C-B009-4C41-9A49-18525D82D651}.Release|Any CPU.Build.0 = Release|Any CPU
	EndGlobalSection
	GlobalSection(SolutionProperties) = preSolution
		HideSolutionNode = FALSE
	EndGlobalSection
	GlobalSection(ExtensibilityGlobals) = postSolution
		SolutionGuid = {4DFC4714-B521-4931-9381-2CA5BE4D4298}
	EndGlobalSection
EndGlobal
